
Microsoft Visual Studio Solution File, Format Version 12.00
# Visual Studio 15
Project("{FAE04EC0-301F-11D3-BF4B-00C04F79EFBC}") = "ProjetMonopoly", "ProjetMonopoly.csproj", "{9F66785A-8105-41C4-982E-FB87E02C7CC9}"
EndProject
Global
	GlobalSection(SolutionConfigurationPlatforms) = preSolution
		Debug|anycpu = Debug|anycpu
		Release|anycpu = Release|anycpu
	EndGlobalSection
	GlobalSection(ProjectConfigurationPlatforms) = postSolution
		{9F66785A-8105-41C4-982E-FB87E02C7CC9}.Debug|anycpu.ActiveCfg = Debug|anycpu
		{9F66785A-8105-41C4-982E-FB87E02C7CC9}.Debug|anycpu.Build.0 = Debug|anycpu
		{9F66785A-8105-41C4-982E-FB87E02C7CC9}.Release|anycpu.ActiveCfg = Release|anycpu
		{9F66785A-8105-41C4-982E-FB87E02C7CC9}.Release|anycpu.Build.0 = Release|anycpu
	EndGlobalSection
	GlobalSection(MonoDevelopProperties) = preSolution
		outputpath = ../../../../Desktop/Cours/Annee 4/Design Pattern/Monopoly_DesignPattern/ProjetMonopoly
		BaseDirectory = ../../../../Desktop/Cours/Annee 4/Design Pattern/Monopoly_DesignPattern/ProjetMonopoly
	EndGlobalSection
EndGlobal
